
Microsoft Visual Studio Solution File, Format Version 12.00
# Visual Studio Version 17
VisualStudioVersion = 17.9.34728.123
MinimumVisualStudioVersion = 10.0.40219.1
Project("{FAE04EC0-301F-11D3-BF4B-00C04F79EFBC}") = "Lesson8_DZ", "Lesson8_DZ.csproj", "{ACBE4490-D27D-442E-8F38-EB19966E8434}"
EndProject
Global
	GlobalSection(SolutionConfigurationPlatforms) = preSolution
		Debug|Any CPU = Debug|Any CPU
		Release|Any CPU = Release|Any CPU
	EndGlobalSection
	GlobalSection(ProjectConfigurationPlatforms) = postSolution
		{ACBE4490-D27D-442E-8F38-EB19966E8434}.Debug|Any CPU.ActiveCfg = Debug|Any CPU
		{ACBE4490-D27D-442E-8F38-EB19966E8434}.Debug|Any CPU.Build.0 = Debug|Any CPU
		{ACBE4490-D27D-442E-8F38-EB19966E8434}.Release|Any CPU.ActiveCfg = Release|Any CPU
		{ACBE4490-D27D-442E-8F38-EB19966E8434}.Release|Any CPU.Build.0 = Release|Any CPU
	EndGlobalSection
	GlobalSection(SolutionProperties) = preSolution
		HideSolutionNode = FALSE
	EndGlobalSection
	GlobalSection(ExtensibilityGlobals) = postSolution
		SolutionGuid = {D6727A48-A3C6-4DD2-A7C2-53E661EE948C}
	EndGlobalSection
EndGlobal
